# @generated by Move, please check-in and do not edit manually.

[move]
version = 3
manifest_digest = "09089456E39AA7F02ED8F4793917A270161279306E0E248D8739515363310458"
deps_digest = "F8BBB0CCB2491CA29A3DF03D6F92277A4F3574266507ACD77214D37ECA3F3082"
dependencies = [
  { id = "Sui", name = "Sui" },
]

[[move.package]]
id = "MoveStdlib"
source = { git = "https://github.com/MystenLabs/sui.git", rev = "framework/testnet", subdir = "crates/sui-framework/packages/move-stdlib" }

[[move.package]]
id = "Sui"
source = { git = "https://github.com/MystenLabs/sui.git", rev = "framework/testnet", subdir = "crates/sui-framework/packages/sui-framework" }

dependencies = [
  { id = "MoveStdlib", name = "MoveStdlib" },
]

[move.toolchain-version]
compiler-version = "1.48.1"
edition = "2024"
flavor = "sui"

[env]

[env.testnet]
chain-id = "4c78adac"
original-published-id = "0xc248de1511be5f583dae76d3be296c32b407fccef35d9e161faf7ea358d87249"
latest-published-id = "0xc248de1511be5f583dae76d3be296c32b407fccef35d9e161faf7ea358d87249"
published-version = "1"
