# @generated by Move, please check-in and do not edit manually.

[move]
version = 3
manifest_digest = "3FB0F1BC3F6ACBE4E1EBAFC7044057340C74FFE264B38C78F799C7CC674F4BC3"
deps_digest = "F8BBB0CCB2491CA29A3DF03D6F92277A4F3574266507ACD77214D37ECA3F3082"
dependencies = [
  { id = "Sui", name = "Sui" },
]

[[move.package]]
id = "MoveStdlib"
source = { git = "https://github.com/MystenLabs/sui.git", rev = "framework/testnet", subdir = "crates/sui-framework/packages/move-stdlib" }

[[move.package]]
id = "Sui"
source = { git = "https://github.com/MystenLabs/sui.git", rev = "framework/testnet", subdir = "crates/sui-framework/packages/sui-framework" }

dependencies = [
  { id = "MoveStdlib", name = "MoveStdlib" },
]

[move.toolchain-version]
compiler-version = "1.48.0"
edition = "2024"
flavor = "sui"

[env]

[env.testnet]
chain-id = "4c78adac"
original-published-id = "0x11e365822e184f59832959a7b53a63be5cc01c6d389c9fbc8b23fea5eec6b80d"
latest-published-id = "0x11e365822e184f59832959a7b53a63be5cc01c6d389c9fbc8b23fea5eec6b80d"
published-version = "1"
